// !$*UTF8*$!
{
	archiveVersion = 1;
	classes = {
	};
	objectVersion = 52;
	objects = {

/* Begin PBXBuildFile section */
		3180AE39CCEA85ED15B6EAB8 /* Pods_MyApp.framework in Frameworks */ = {isa = PBXBuildFile; fileRef = 2870DA6A97915537AF8D1ED6 /* Pods_MyApp.framework */; };
		840F235C245673AF00C0CB5D /* CustomSlideViewController.swift in Sources */ = {isa = PBXBuildFile; fileRef = 840F235B245673AF00C0CB5D /* CustomSlideViewController.swift */; };
		840F235E2456767B00C0CB5D /* LeftViewController.swift in Sources */ = {isa = PBXBuildFile; fileRef = 840F235D2456767B00C0CB5D /* LeftViewController.swift */; };
		840F23602456768600C0CB5D /* LeftViewController.xib in Resources */ = {isa = PBXBuildFile; fileRef = 840F235F2456768500C0CB5D /* LeftViewController.xib */; };
		840F236A2456E96300C0CB5D /* UsersModel.xcdatamodeld in Sources */ = {isa = PBXBuildFile; fileRef = 840F23682456E96300C0CB5D /* UsersModel.xcdatamodeld */; };
		8419E6C52452A0C50083A471 /* MyAUserProfile.swift in Sources */ = {isa = PBXBuildFile; fileRef = 8419E6C42452A0C50083A471 /* MyAUserProfile.swift */; };
		8419E6C72452A3AB0083A471 /* MyABaseService.swift in Sources */ = {isa = PBXBuildFile; fileRef = 8419E6C62452A3AB0083A471 /* MyABaseService.swift */; };
		8419E6CA2452A4B50083A471 /* Constants.swift in Sources */ = {isa = PBXBuildFile; fileRef = 8419E6C92452A4B50083A471 /* Constants.swift */; };
		8419E6D32452CB6E0083A471 /* FacebookCore in Frameworks */ = {isa = PBXBuildFile; productRef = 8419E6D22452CB6E0083A471 /* FacebookCore */; };
		8419E6D52452CB6E0083A471 /* FacebookLogin in Frameworks */ = {isa = PBXBuildFile; productRef = 8419E6D42452CB6E0083A471 /* FacebookLogin */; };
		8419E6D72452CB6E0083A471 /* FacebookShare in Frameworks */ = {isa = PBXBuildFile; productRef = 8419E6D62452CB6E0083A471 /* FacebookShare */; };
		842D27F524517A17001319DE /* GoogleService-Info.plist in Resources */ = {isa = PBXBuildFile; fileRef = 842D27F424517A17001319DE /* GoogleService-Info.plist */; };
		84511BD8245177C300A63A56 /* Assets.xcassets in Resources */ = {isa = PBXBuildFile; fileRef = 84511BD7245177C300A63A56 /* Assets.xcassets */; };
		84511BDB245177C300A63A56 /* LaunchScreen.storyboard in Resources */ = {isa = PBXBuildFile; fileRef = 84511BD9245177C300A63A56 /* LaunchScreen.storyboard */; };
		84511BE6245177C300A63A56 /* MyAppTests.swift in Sources */ = {isa = PBXBuildFile; fileRef = 84511BE5245177C300A63A56 /* MyAppTests.swift */; };
		84511BF1245177C300A63A56 /* MyAppUITests.swift in Sources */ = {isa = PBXBuildFile; fileRef = 84511BF0245177C300A63A56 /* MyAppUITests.swift */; };
		84511C1C2451781D00A63A56 /* UtilityFunction.swift in Sources */ = {isa = PBXBuildFile; fileRef = 84511BFF2451781C00A63A56 /* UtilityFunction.swift */; };
		84511C1D2451781D00A63A56 /* Preferences.swift in Sources */ = {isa = PBXBuildFile; fileRef = 84511C002451781C00A63A56 /* Preferences.swift */; };
		84511C1E2451781D00A63A56 /* BaseCollectionViewController.swift in Sources */ = {isa = PBXBuildFile; fileRef = 84511C022451781C00A63A56 /* BaseCollectionViewController.swift */; };
		84511C1F2451781D00A63A56 /* BaseTableViewController.swift in Sources */ = {isa = PBXBuildFile; fileRef = 84511C032451781C00A63A56 /* BaseTableViewController.swift */; };
		84511C202451781D00A63A56 /* BaseTableViewViewController.swift in Sources */ = {isa = PBXBuildFile; fileRef = 84511C042451781C00A63A56 /* BaseTableViewViewController.swift */; };
		84511C222451781D00A63A56 /* ViewController.swift in Sources */ = {isa = PBXBuildFile; fileRef = 84511C092451781C00A63A56 /* ViewController.swift */; };
		84511C232451781D00A63A56 /* MyAForgotPasswordViewController.swift in Sources */ = {isa = PBXBuildFile; fileRef = 84511C0A2451781C00A63A56 /* MyAForgotPasswordViewController.swift */; };
		84511C242451781D00A63A56 /* MyALoginViewController.swift in Sources */ = {isa = PBXBuildFile; fileRef = 84511C0B2451781C00A63A56 /* MyALoginViewController.swift */; };
		84511C252451781D00A63A56 /* SecondViewController.swift in Sources */ = {isa = PBXBuildFile; fileRef = 84511C0C2451781D00A63A56 /* SecondViewController.swift */; };
		84511C262451781D00A63A56 /* MyARegisterViewController.swift in Sources */ = {isa = PBXBuildFile; fileRef = 84511C0D2451781D00A63A56 /* MyARegisterViewController.swift */; };
		84511C272451781D00A63A56 /* AppDelegate.swift in Sources */ = {isa = PBXBuildFile; fileRef = 84511C0E2451781D00A63A56 /* AppDelegate.swift */; };
		84511C282451781D00A63A56 /* Main.storyboard in Resources */ = {isa = PBXBuildFile; fileRef = 84511C112451781D00A63A56 /* Main.storyboard */; };
		84511C292451781D00A63A56 /* Login.storyboard in Resources */ = {isa = PBXBuildFile; fileRef = 84511C132451781D00A63A56 /* Login.storyboard */; };
		84511C2A2451781D00A63A56 /* SecondTableViewCell.xib in Resources */ = {isa = PBXBuildFile; fileRef = 84511C162451781D00A63A56 /* SecondTableViewCell.xib */; };
		84511C2B2451781D00A63A56 /* SecondTableViewCell.swift in Sources */ = {isa = PBXBuildFile; fileRef = 84511C172451781D00A63A56 /* SecondTableViewCell.swift */; };
		84511C2C2451781D00A63A56 /* FirtCollectionViewCell.xib in Resources */ = {isa = PBXBuildFile; fileRef = 84511C192451781D00A63A56 /* FirtCollectionViewCell.xib */; };
		84511C2D2451781D00A63A56 /* FirtCollectionViewCell.swift in Sources */ = {isa = PBXBuildFile; fileRef = 84511C1A2451781D00A63A56 /* FirtCollectionViewCell.swift */; };
		84511C302451788200A63A56 /* BaseViewController.swift in Sources */ = {isa = PBXBuildFile; fileRef = 84511C2F2451788200A63A56 /* BaseViewController.swift */; };
		CAEED8BF2F97D99793F1F9D5 /* Pods_MyAppTests.framework in Frameworks */ = {isa = PBXBuildFile; fileRef = 574D6D57D4D22A267B78CC9D /* Pods_MyAppTests.framework */; };
		F7E719CB01F2A6BD7BBFAF28 /* Pods_MyApp_MyAppUITests.framework in Frameworks */ = {isa = PBXBuildFile; fileRef = C8D576A56F5D87D604B43B22 /* Pods_MyApp_MyAppUITests.framework */; };
/* End PBXBuildFile section */

/* Begin PBXContainerItemProxy section */
		84511BE2245177C300A63A56 /* PBXContainerItemProxy */ = {
			isa = PBXContainerItemProxy;
			containerPortal = 84511BC5245177C000A63A56 /* Project object */;
			proxyType = 1;
			remoteGlobalIDString = 84511BCC245177C000A63A56;
			remoteInfo = MyApp;
		};
		84511BED245177C300A63A56 /* PBXContainerItemProxy */ = {
			isa = PBXContainerItemProxy;
			containerPortal = 84511BC5245177C000A63A56 /* Project object */;
			proxyType = 1;
			remoteGlobalIDString = 84511BCC245177C000A63A56;
			remoteInfo = MyApp;
		};
/* End PBXContainerItemProxy section */

/* Begin PBXFileReference section */
		2870DA6A97915537AF8D1ED6 /* Pods_MyApp.framework */ = {isa = PBXFileReference; explicitFileType = wrapper.framework; includeInIndex = 0; path = Pods_MyApp.framework; sourceTree = BUILT_PRODUCTS_DIR; };
		574D6D57D4D22A267B78CC9D /* Pods_MyAppTests.framework */ = {isa = PBXFileReference; explicitFileType = wrapper.framework; includeInIndex = 0; path = Pods_MyAppTests.framework; sourceTree = BUILT_PRODUCTS_DIR; };
		5EAEFFCC0FDF773E1CC02448 /* Pods-MyApp.release.xcconfig */ = {isa = PBXFileReference; includeInIndex = 1; lastKnownFileType = text.xcconfig; name = "Pods-MyApp.release.xcconfig"; path = "Target Support Files/Pods-MyApp/Pods-MyApp.release.xcconfig"; sourceTree = "<group>"; };
		7D6C12956440BB927EF90150 /* Pods-MyApp.debug.xcconfig */ = {isa = PBXFileReference; includeInIndex = 1; lastKnownFileType = text.xcconfig; name = "Pods-MyApp.debug.xcconfig"; path = "Target Support Files/Pods-MyApp/Pods-MyApp.debug.xcconfig"; sourceTree = "<group>"; };
		840F235B245673AF00C0CB5D /* CustomSlideViewController.swift */ = {isa = PBXFileReference; lastKnownFileType = sourcecode.swift; path = CustomSlideViewController.swift; sourceTree = "<group>"; };
		840F235D2456767B00C0CB5D /* LeftViewController.swift */ = {isa = PBXFileReference; fileEncoding = 4; lastKnownFileType = sourcecode.swift; path = LeftViewController.swift; sourceTree = "<group>"; };
		840F235F2456768500C0CB5D /* LeftViewController.xib */ = {isa = PBXFileReference; fileEncoding = 4; lastKnownFileType = file.xib; path = LeftViewController.xib; sourceTree = "<group>"; };
		840F23692456E96300C0CB5D /* Model.xcdatamodel */ = {isa = PBXFileReference; lastKnownFileType = wrapper.xcdatamodel; path = Model.xcdatamodel; sourceTree = "<group>"; };
		8419E6C42452A0C50083A471 /* MyAUserProfile.swift */ = {isa = PBXFileReference; lastKnownFileType = sourcecode.swift; path = MyAUserProfile.swift; sourceTree = "<group>"; };
		8419E6C62452A3AB0083A471 /* MyABaseService.swift */ = {isa = PBXFileReference; fileEncoding = 4; lastKnownFileType = sourcecode.swift; path = MyABaseService.swift; sourceTree = "<group>"; };
		8419E6C92452A4B50083A471 /* Constants.swift */ = {isa = PBXFileReference; fileEncoding = 4; lastKnownFileType = sourcecode.swift; path = Constants.swift; sourceTree = "<group>"; };
		842D27F424517A17001319DE /* GoogleService-Info.plist */ = {isa = PBXFileReference; fileEncoding = 4; lastKnownFileType = text.plist.xml; path = "GoogleService-Info.plist"; sourceTree = "<group>"; };
		84511BCD245177C000A63A56 /* MyApp.app */ = {isa = PBXFileReference; explicitFileType = wrapper.application; includeInIndex = 0; path = MyApp.app; sourceTree = BUILT_PRODUCTS_DIR; };
		84511BD7245177C300A63A56 /* Assets.xcassets */ = {isa = PBXFileReference; lastKnownFileType = folder.assetcatalog; path = Assets.xcassets; sourceTree = "<group>"; };
		84511BDA245177C300A63A56 /* Base */ = {isa = PBXFileReference; lastKnownFileType = file.storyboard; name = Base; path = Base.lproj/LaunchScreen.storyboard; sourceTree = "<group>"; };
		84511BDC245177C300A63A56 /* Info.plist */ = {isa = PBXFileReference; lastKnownFileType = text.plist.xml; path = Info.plist; sourceTree = "<group>"; };
		84511BE1245177C300A63A56 /* MyAppTests.xctest */ = {isa = PBXFileReference; explicitFileType = wrapper.cfbundle; includeInIndex = 0; path = MyAppTests.xctest; sourceTree = BUILT_PRODUCTS_DIR; };
		84511BE5245177C300A63A56 /* MyAppTests.swift */ = {isa = PBXFileReference; lastKnownFileType = sourcecode.swift; path = MyAppTests.swift; sourceTree = "<group>"; };
		84511BE7245177C300A63A56 /* Info.plist */ = {isa = PBXFileReference; lastKnownFileType = text.plist.xml; path = Info.plist; sourceTree = "<group>"; };
		84511BEC245177C300A63A56 /* MyAppUITests.xctest */ = {isa = PBXFileReference; explicitFileType = wrapper.cfbundle; includeInIndex = 0; path = MyAppUITests.xctest; sourceTree = BUILT_PRODUCTS_DIR; };
		84511BF0245177C300A63A56 /* MyAppUITests.swift */ = {isa = PBXFileReference; lastKnownFileType = sourcecode.swift; path = MyAppUITests.swift; sourceTree = "<group>"; };
		84511BF2245177C300A63A56 /* Info.plist */ = {isa = PBXFileReference; lastKnownFileType = text.plist.xml; path = Info.plist; sourceTree = "<group>"; };
		84511BFF2451781C00A63A56 /* UtilityFunction.swift */ = {isa = PBXFileReference; fileEncoding = 4; lastKnownFileType = sourcecode.swift; path = UtilityFunction.swift; sourceTree = "<group>"; };
		84511C002451781C00A63A56 /* Preferences.swift */ = {isa = PBXFileReference; fileEncoding = 4; lastKnownFileType = sourcecode.swift; path = Preferences.swift; sourceTree = "<group>"; };
		84511C022451781C00A63A56 /* BaseCollectionViewController.swift */ = {isa = PBXFileReference; fileEncoding = 4; lastKnownFileType = sourcecode.swift; path = BaseCollectionViewController.swift; sourceTree = "<group>"; };
		84511C032451781C00A63A56 /* BaseTableViewController.swift */ = {isa = PBXFileReference; fileEncoding = 4; lastKnownFileType = sourcecode.swift; path = BaseTableViewController.swift; sourceTree = "<group>"; };
		84511C042451781C00A63A56 /* BaseTableViewViewController.swift */ = {isa = PBXFileReference; fileEncoding = 4; lastKnownFileType = sourcecode.swift; path = BaseTableViewViewController.swift; sourceTree = "<group>"; };
		84511C092451781C00A63A56 /* ViewController.swift */ = {isa = PBXFileReference; fileEncoding = 4; lastKnownFileType = sourcecode.swift; path = ViewController.swift; sourceTree = "<group>"; };
		84511C0A2451781C00A63A56 /* MyAForgotPasswordViewController.swift */ = {isa = PBXFileReference; fileEncoding = 4; lastKnownFileType = sourcecode.swift; path = MyAForgotPasswordViewController.swift; sourceTree = "<group>"; };
		84511C0B2451781C00A63A56 /* MyALoginViewController.swift */ = {isa = PBXFileReference; fileEncoding = 4; lastKnownFileType = sourcecode.swift; path = MyALoginViewController.swift; sourceTree = "<group>"; };
		84511C0C2451781D00A63A56 /* SecondViewController.swift */ = {isa = PBXFileReference; fileEncoding = 4; lastKnownFileType = sourcecode.swift; path = SecondViewController.swift; sourceTree = "<group>"; };
		84511C0D2451781D00A63A56 /* MyARegisterViewController.swift */ = {isa = PBXFileReference; fileEncoding = 4; lastKnownFileType = sourcecode.swift; path = MyARegisterViewController.swift; sourceTree = "<group>"; };
		84511C0E2451781D00A63A56 /* AppDelegate.swift */ = {isa = PBXFileReference; fileEncoding = 4; lastKnownFileType = sourcecode.swift; name = AppDelegate.swift; path = ../../../Downloads/NewProject/NewProject/AppDelegate.swift; sourceTree = "<group>"; };
		84511C122451781D00A63A56 /* Base */ = {isa = PBXFileReference; lastKnownFileType = file.storyboard; name = Base; path = Base.lproj/Main.storyboard; sourceTree = "<group>"; };
		84511C132451781D00A63A56 /* Login.storyboard */ = {isa = PBXFileReference; fileEncoding = 4; lastKnownFileType = file.storyboard; path = Login.storyboard; sourceTree = "<group>"; };
		84511C162451781D00A63A56 /* SecondTableViewCell.xib */ = {isa = PBXFileReference; fileEncoding = 4; lastKnownFileType = file.xib; path = SecondTableViewCell.xib; sourceTree = "<group>"; };
		84511C172451781D00A63A56 /* SecondTableViewCell.swift */ = {isa = PBXFileReference; fileEncoding = 4; lastKnownFileType = sourcecode.swift; path = SecondTableViewCell.swift; sourceTree = "<group>"; };
		84511C192451781D00A63A56 /* FirtCollectionViewCell.xib */ = {isa = PBXFileReference; fileEncoding = 4; lastKnownFileType = file.xib; path = FirtCollectionViewCell.xib; sourceTree = "<group>"; };
		84511C1A2451781D00A63A56 /* FirtCollectionViewCell.swift */ = {isa = PBXFileReference; fileEncoding = 4; lastKnownFileType = sourcecode.swift; path = FirtCollectionViewCell.swift; sourceTree = "<group>"; };
		84511C2F2451788200A63A56 /* BaseViewController.swift */ = {isa = PBXFileReference; fileEncoding = 4; lastKnownFileType = sourcecode.swift; path = BaseViewController.swift; sourceTree = "<group>"; };
		9748E7CC58BA5B0076DF8A86 /* Pods-MyAppTests.release.xcconfig */ = {isa = PBXFileReference; includeInIndex = 1; lastKnownFileType = text.xcconfig; name = "Pods-MyAppTests.release.xcconfig"; path = "Target Support Files/Pods-MyAppTests/Pods-MyAppTests.release.xcconfig"; sourceTree = "<group>"; };
		C8D576A56F5D87D604B43B22 /* Pods_MyApp_MyAppUITests.framework */ = {isa = PBXFileReference; explicitFileType = wrapper.framework; includeInIndex = 0; path = Pods_MyApp_MyAppUITests.framework; sourceTree = BUILT_PRODUCTS_DIR; };
		CFB52BBA1291098481FC241A /* Pods-MyApp-MyAppUITests.debug.xcconfig */ = {isa = PBXFileReference; includeInIndex = 1; lastKnownFileType = text.xcconfig; name = "Pods-MyApp-MyAppUITests.debug.xcconfig"; path = "Target Support Files/Pods-MyApp-MyAppUITests/Pods-MyApp-MyAppUITests.debug.xcconfig"; sourceTree = "<group>"; };
		F2DC8D24662519CEF1413708 /* Pods-MyAppTests.debug.xcconfig */ = {isa = PBXFileReference; includeInIndex = 1; lastKnownFileType = text.xcconfig; name = "Pods-MyAppTests.debug.xcconfig"; path = "Target Support Files/Pods-MyAppTests/Pods-MyAppTests.debug.xcconfig"; sourceTree = "<group>"; };
		F49D0F739D76D7E330E06D59 /* Pods-MyApp-MyAppUITests.release.xcconfig */ = {isa = PBXFileReference; includeInIndex = 1; lastKnownFileType = text.xcconfig; name = "Pods-MyApp-MyAppUITests.release.xcconfig"; path = "Target Support Files/Pods-MyApp-MyAppUITests/Pods-MyApp-MyAppUITests.release.xcconfig"; sourceTree = "<group>"; };
/* End PBXFileReference section */

/* Begin PBXFrameworksBuildPhase section */
		84511BCA245177C000A63A56 /* Frameworks */ = {
			isa = PBXFrameworksBuildPhase;
			buildActionMask = 2147483647;
			files = (
				3180AE39CCEA85ED15B6EAB8 /* Pods_MyApp.framework in Frameworks */,
				8419E6D32452CB6E0083A471 /* FacebookCore in Frameworks */,
				8419E6D72452CB6E0083A471 /* FacebookShare in Frameworks */,
				8419E6D52452CB6E0083A471 /* FacebookLogin in Frameworks */,
			);
			runOnlyForDeploymentPostprocessing = 0;
		};
		84511BDE245177C300A63A56 /* Frameworks */ = {
			isa = PBXFrameworksBuildPhase;
			buildActionMask = 2147483647;
			files = (
				CAEED8BF2F97D99793F1F9D5 /* Pods_MyAppTests.framework in Frameworks */,
			);
			runOnlyForDeploymentPostprocessing = 0;
		};
		84511BE9245177C300A63A56 /* Frameworks */ = {
			isa = PBXFrameworksBuildPhase;
			buildActionMask = 2147483647;
			files = (
				F7E719CB01F2A6BD7BBFAF28 /* Pods_MyApp_MyAppUITests.framework in Frameworks */,
			);
			runOnlyForDeploymentPostprocessing = 0;
		};
/* End PBXFrameworksBuildPhase section */

/* Begin PBXGroup section */
		840F2361245678FB00C0CB5D /* CustomerLeftMenu */ = {
			isa = PBXGroup;
			children = (
				840F235B245673AF00C0CB5D /* CustomSlideViewController.swift */,
				840F235D2456767B00C0CB5D /* LeftViewController.swift */,
				840F235F2456768500C0CB5D /* LeftViewController.xib */,
			);
			path = CustomerLeftMenu;
			sourceTree = "<group>";
		};
		8419E6C82452A48E0083A471 /* Extension */ = {
			isa = PBXGroup;
			children = (
				8419E6C92452A4B50083A471 /* Constants.swift */,
			);
			path = Extension;
			sourceTree = "<group>";
		};
		84511BC4245177C000A63A56 = {
			isa = PBXGroup;
			children = (
				84511BCF245177C000A63A56 /* MyApp */,
				84511BE4245177C300A63A56 /* MyAppTests */,
				84511BEF245177C300A63A56 /* MyAppUITests */,
				84511BCE245177C000A63A56 /* Products */,
				C23AB6CE6EEE5C04695800CE /* Pods */,
				BEA98E0CC1D662E301CE1591 /* Frameworks */,
			);
			sourceTree = "<group>";
		};
		84511BCE245177C000A63A56 /* Products */ = {
			isa = PBXGroup;
			children = (
				84511BCD245177C000A63A56 /* MyApp.app */,
				84511BE1245177C300A63A56 /* MyAppTests.xctest */,
				84511BEC245177C300A63A56 /* MyAppUITests.xctest */,
			);
			name = Products;
			sourceTree = "<group>";
		};
		84511BCF245177C000A63A56 /* MyApp */ = {
			isa = PBXGroup;
			children = (
				84511C0E2451781D00A63A56 /* AppDelegate.swift */,
				84511C012451781C00A63A56 /* Base */,
				84511C082451781C00A63A56 /* Controller */,
				84511BFE2451781C00A63A56 /* Helper */,
				84511C0F2451781D00A63A56 /* Model */,
				84511C102451781D00A63A56 /* Storyboard */,
				84511C142451781D00A63A56 /* View */,
				84511BD7245177C300A63A56 /* Assets.xcassets */,
				84511BD9245177C300A63A56 /* LaunchScreen.storyboard */,
				84511BDC245177C300A63A56 /* Info.plist */,
				842D27F424517A17001319DE /* GoogleService-Info.plist */,
				840F23682456E96300C0CB5D /* UsersModel.xcdatamodeld */,
			);
			path = MyApp;
			sourceTree = "<group>";
		};
		84511BE4245177C300A63A56 /* MyAppTests */ = {
			isa = PBXGroup;
			children = (
				84511BE5245177C300A63A56 /* MyAppTests.swift */,
				84511BE7245177C300A63A56 /* Info.plist */,
			);
			path = MyAppTests;
			sourceTree = "<group>";
		};
		84511BEF245177C300A63A56 /* MyAppUITests */ = {
			isa = PBXGroup;
			children = (
				84511BF0245177C300A63A56 /* MyAppUITests.swift */,
				84511BF2245177C300A63A56 /* Info.plist */,
			);
			path = MyAppUITests;
			sourceTree = "<group>";
		};
		84511BFE2451781C00A63A56 /* Helper */ = {
			isa = PBXGroup;
			children = (
				840F2361245678FB00C0CB5D /* CustomerLeftMenu */,
				8419E6C82452A48E0083A471 /* Extension */,
				84511BFF2451781C00A63A56 /* UtilityFunction.swift */,
				84511C002451781C00A63A56 /* Preferences.swift */,
			);
			path = Helper;
			sourceTree = "<group>";
		};
		84511C012451781C00A63A56 /* Base */ = {
			isa = PBXGroup;
			children = (
				8419E6C62452A3AB0083A471 /* MyABaseService.swift */,
				84511C2F2451788200A63A56 /* BaseViewController.swift */,
				84511C022451781C00A63A56 /* BaseCollectionViewController.swift */,
				84511C032451781C00A63A56 /* BaseTableViewController.swift */,
				84511C042451781C00A63A56 /* BaseTableViewViewController.swift */,
			);
			path = Base;
			sourceTree = "<group>";
		};
		84511C082451781C00A63A56 /* Controller */ = {
			isa = PBXGroup;
			children = (
				84511C092451781C00A63A56 /* ViewController.swift */,
				84511C0A2451781C00A63A56 /* MyAForgotPasswordViewController.swift */,
				84511C0B2451781C00A63A56 /* MyALoginViewController.swift */,
				84511C0C2451781D00A63A56 /* SecondViewController.swift */,
				84511C0D2451781D00A63A56 /* MyARegisterViewController.swift */,
			);
			path = Controller;
			sourceTree = "<group>";
		};
		84511C0F2451781D00A63A56 /* Model */ = {
			isa = PBXGroup;
			children = (
				8419E6C42452A0C50083A471 /* MyAUserProfile.swift */,
			);
			path = Model;
			sourceTree = "<group>";
		};
		84511C102451781D00A63A56 /* Storyboard */ = {
			isa = PBXGroup;
			children = (
				84511C112451781D00A63A56 /* Main.storyboard */,
				84511C132451781D00A63A56 /* Login.storyboard */,
			);
			path = Storyboard;
			sourceTree = "<group>";
		};
		84511C142451781D00A63A56 /* View */ = {
			isa = PBXGroup;
			children = (
				84511C152451781D00A63A56 /* TableView */,
				84511C182451781D00A63A56 /* CollectionView */,
			);
			path = View;
			sourceTree = "<group>";
		};
		84511C152451781D00A63A56 /* TableView */ = {
			isa = PBXGroup;
			children = (
				84511C162451781D00A63A56 /* SecondTableViewCell.xib */,
				84511C172451781D00A63A56 /* SecondTableViewCell.swift */,
			);
			path = TableView;
			sourceTree = "<group>";
		};
		84511C182451781D00A63A56 /* CollectionView */ = {
			isa = PBXGroup;
			children = (
				84511C192451781D00A63A56 /* FirtCollectionViewCell.xib */,
				84511C1A2451781D00A63A56 /* FirtCollectionViewCell.swift */,
			);
			path = CollectionView;
			sourceTree = "<group>";
		};
		BEA98E0CC1D662E301CE1591 /* Frameworks */ = {
			isa = PBXGroup;
			children = (
				2870DA6A97915537AF8D1ED6 /* Pods_MyApp.framework */,
				C8D576A56F5D87D604B43B22 /* Pods_MyApp_MyAppUITests.framework */,
				574D6D57D4D22A267B78CC9D /* Pods_MyAppTests.framework */,
			);
			name = Frameworks;
			sourceTree = "<group>";
		};
		C23AB6CE6EEE5C04695800CE /* Pods */ = {
			isa = PBXGroup;
			children = (
				7D6C12956440BB927EF90150 /* Pods-MyApp.debug.xcconfig */,
				5EAEFFCC0FDF773E1CC02448 /* Pods-MyApp.release.xcconfig */,
				CFB52BBA1291098481FC241A /* Pods-MyApp-MyAppUITests.debug.xcconfig */,
				F49D0F739D76D7E330E06D59 /* Pods-MyApp-MyAppUITests.release.xcconfig */,
				F2DC8D24662519CEF1413708 /* Pods-MyAppTests.debug.xcconfig */,
				9748E7CC58BA5B0076DF8A86 /* Pods-MyAppTests.release.xcconfig */,
			);
			path = Pods;
			sourceTree = "<group>";
		};
/* End PBXGroup section */

/* Begin PBXNativeTarget section */
		84511BCC245177C000A63A56 /* MyApp */ = {
			isa = PBXNativeTarget;
			buildConfigurationList = 84511BF5245177C300A63A56 /* Build configuration list for PBXNativeTarget "MyApp" */;
			buildPhases = (
				DAD788D44EB301D9EC94CE3B /* [CP] Check Pods Manifest.lock */,
				84511BC9245177C000A63A56 /* Sources */,
				84511BCA245177C000A63A56 /* Frameworks */,
				84511BCB245177C000A63A56 /* Resources */,
				D18B5725C81AB2FBEE40ED56 /* [CP] Embed Pods Frameworks */,
				875AC549FF8CC482F6AF8379 /* [CP] Copy Pods Resources */,
			);
			buildRules = (
			);
			dependencies = (
			);
			name = MyApp;
			packageProductDependencies = (
				8419E6D22452CB6E0083A471 /* FacebookCore */,
				8419E6D42452CB6E0083A471 /* FacebookLogin */,
				8419E6D62452CB6E0083A471 /* FacebookShare */,
			);
			productName = MyApp;
			productReference = 84511BCD245177C000A63A56 /* MyApp.app */;
			productType = "com.apple.product-type.application";
		};
		84511BE0245177C300A63A56 /* MyAppTests */ = {
			isa = PBXNativeTarget;
			buildConfigurationList = 84511BF8245177C300A63A56 /* Build configuration list for PBXNativeTarget "MyAppTests" */;
			buildPhases = (
				BB610116F95E2F7F7D6B9E46 /* [CP] Check Pods Manifest.lock */,
				84511BDD245177C300A63A56 /* Sources */,
				84511BDE245177C300A63A56 /* Frameworks */,
				84511BDF245177C300A63A56 /* Resources */,
			);
			buildRules = (
			);
			dependencies = (
				84511BE3245177C300A63A56 /* PBXTargetDependency */,
			);
			name = MyAppTests;
			productName = MyAppTests;
			productReference = 84511BE1245177C300A63A56 /* MyAppTests.xctest */;
			productType = "com.apple.product-type.bundle.unit-test";
		};
		84511BEB245177C300A63A56 /* MyAppUITests */ = {
			isa = PBXNativeTarget;
			buildConfigurationList = 84511BFB245177C300A63A56 /* Build configuration list for PBXNativeTarget "MyAppUITests" */;
			buildPhases = (
				3E83CCCD3EC2E282A4AC3FE2 /* [CP] Check Pods Manifest.lock */,
				84511BE8245177C300A63A56 /* Sources */,
				84511BE9245177C300A63A56 /* Frameworks */,
				84511BEA245177C300A63A56 /* Resources */,
				863D86CD068657CB743AF773 /* [CP] Embed Pods Frameworks */,
				90F492386994727401BA0ACC /* [CP] Copy Pods Resources */,
			);
			buildRules = (
			);
			dependencies = (
				84511BEE245177C300A63A56 /* PBXTargetDependency */,
			);
			name = MyAppUITests;
			productName = MyAppUITests;
			productReference = 84511BEC245177C300A63A56 /* MyAppUITests.xctest */;
			productType = "com.apple.product-type.bundle.ui-testing";
		};
/* End PBXNativeTarget section */

/* Begin PBXProject section */
		84511BC5245177C000A63A56 /* Project object */ = {
			isa = PBXProject;
			attributes = {
				LastSwiftUpdateCheck = 1030;
				LastUpgradeCheck = 1030;
				ORGANIZATIONNAME = Admin;
				TargetAttributes = {
					84511BCC245177C000A63A56 = {
						CreatedOnToolsVersion = 10.3;
					};
					84511BE0245177C300A63A56 = {
						CreatedOnToolsVersion = 10.3;
						TestTargetID = 84511BCC245177C000A63A56;
					};
					84511BEB245177C300A63A56 = {
						CreatedOnToolsVersion = 10.3;
						TestTargetID = 84511BCC245177C000A63A56;
					};
				};
			};
			buildConfigurationList = 84511BC8245177C000A63A56 /* Build configuration list for PBXProject "MyApp" */;
			compatibilityVersion = "Xcode 9.3";
			developmentRegion = en;
			hasScannedForEncodings = 0;
			knownRegions = (
				en,
				Base,
			);
			mainGroup = 84511BC4245177C000A63A56;
			packageReferences = (
				8419E6D12452CB6E0083A471 /* XCRemoteSwiftPackageReference "facebook-ios-sdk" */,
			);
			productRefGroup = 84511BCE245177C000A63A56 /* Products */;
			projectDirPath = "";
			projectRoot = "";
			targets = (
				84511BCC245177C000A63A56 /* MyApp */,
				84511BE0245177C300A63A56 /* MyAppTests */,
				84511BEB245177C300A63A56 /* MyAppUITests */,
			);
		};
/* End PBXProject section */

/* Begin PBXResourcesBuildPhase section */
		84511BCB245177C000A63A56 /* Resources */ = {
			isa = PBXResourcesBuildPhase;
			buildActionMask = 2147483647;
			files = (
				84511BDB245177C300A63A56 /* LaunchScreen.storyboard in Resources */,
				840F23602456768600C0CB5D /* LeftViewController.xib in Resources */,
				84511C282451781D00A63A56 /* Main.storyboard in Resources */,
				84511C292451781D00A63A56 /* Login.storyboard in Resources */,
				84511C2A2451781D00A63A56 /* SecondTableViewCell.xib in Resources */,
				84511BD8245177C300A63A56 /* Assets.xcassets in Resources */,
				84511C2C2451781D00A63A56 /* FirtCollectionViewCell.xib in Resources */,
				842D27F524517A17001319DE /* GoogleService-Info.plist in Resources */,
			);
			runOnlyForDeploymentPostprocessing = 0;
		};
		84511BDF245177C300A63A56 /* Resources */ = {
			isa = PBXResourcesBuildPhase;
			buildActionMask = 2147483647;
			files = (
			);
			runOnlyForDeploymentPostprocessing = 0;
		};
		84511BEA245177C300A63A56 /* Resources */ = {
			isa = PBXResourcesBuildPhase;
			buildActionMask = 2147483647;
			files = (
			);
			runOnlyForDeploymentPostprocessing = 0;
		};
/* End PBXResourcesBuildPhase section */

/* Begin PBXShellScriptBuildPhase section */
		3E83CCCD3EC2E282A4AC3FE2 /* [CP] Check Pods Manifest.lock */ = {
			isa = PBXShellScriptBuildPhase;
			buildActionMask = 2147483647;
			files = (
			);
			inputFileListPaths = (
			);
			inputPaths = (
				"${PODS_PODFILE_DIR_PATH}/Podfile.lock",
				"${PODS_ROOT}/Manifest.lock",
			);
			name = "[CP] Check Pods Manifest.lock";
			outputFileListPaths = (
			);
			outputPaths = (
				"$(DERIVED_FILE_DIR)/Pods-MyApp-MyAppUITests-checkManifestLockResult.txt",
			);
			runOnlyForDeploymentPostprocessing = 0;
			shellPath = /bin/sh;
			shellScript = "diff \"${PODS_PODFILE_DIR_PATH}/Podfile.lock\" \"${PODS_ROOT}/Manifest.lock\" > /dev/null\nif [ $? != 0 ] ; then\n    # print error to STDERR\n    echo \"error: The sandbox is not in sync with the Podfile.lock. Run 'pod install' or update your CocoaPods installation.\" >&2\n    exit 1\nfi\n# This output is used by Xcode 'outputs' to avoid re-running this script phase.\necho \"SUCCESS\" > \"${SCRIPT_OUTPUT_FILE_0}\"\n";
			showEnvVarsInLog = 0;
		};
		863D86CD068657CB743AF773 /* [CP] Embed Pods Frameworks */ = {
			isa = PBXShellScriptBuildPhase;
			buildActionMask = 2147483647;
			files = (
			);
			inputFileListPaths = (
				"${PODS_ROOT}/Target Support Files/Pods-MyApp-MyAppUITests/Pods-MyApp-MyAppUITests-frameworks-${CONFIGURATION}-input-files.xcfilelist",
			);
			name = "[CP] Embed Pods Frameworks";
			outputFileListPaths = (
				"${PODS_ROOT}/Target Support Files/Pods-MyApp-MyAppUITests/Pods-MyApp-MyAppUITests-frameworks-${CONFIGURATION}-output-files.xcfilelist",
			);
			runOnlyForDeploymentPostprocessing = 0;
			shellPath = /bin/sh;
			shellScript = "\"${PODS_ROOT}/Target Support Files/Pods-MyApp-MyAppUITests/Pods-MyApp-MyAppUITests-frameworks.sh\"\n";
			showEnvVarsInLog = 0;
		};
		875AC549FF8CC482F6AF8379 /* [CP] Copy Pods Resources */ = {
			isa = PBXShellScriptBuildPhase;
			buildActionMask = 2147483647;
			files = (
			);
			inputFileListPaths = (
				"${PODS_ROOT}/Target Support Files/Pods-MyApp/Pods-MyApp-resources-${CONFIGURATION}-input-files.xcfilelist",
			);
			name = "[CP] Copy Pods Resources";
			outputFileListPaths = (
				"${PODS_ROOT}/Target Support Files/Pods-MyApp/Pods-MyApp-resources-${CONFIGURATION}-output-files.xcfilelist",
			);
			runOnlyForDeploymentPostprocessing = 0;
			shellPath = /bin/sh;
			shellScript = "\"${PODS_ROOT}/Target Support Files/Pods-MyApp/Pods-MyApp-resources.sh\"\n";
			showEnvVarsInLog = 0;
		};
		90F492386994727401BA0ACC /* [CP] Copy Pods Resources */ = {
			isa = PBXShellScriptBuildPhase;
			buildActionMask = 2147483647;
			files = (
			);
			inputFileListPaths = (
				"${PODS_ROOT}/Target Support Files/Pods-MyApp-MyAppUITests/Pods-MyApp-MyAppUITests-resources-${CONFIGURATION}-input-files.xcfilelist",
			);
			name = "[CP] Copy Pods Resources";
			outputFileListPaths = (
				"${PODS_ROOT}/Target Support Files/Pods-MyApp-MyAppUITests/Pods-MyApp-MyAppUITests-resources-${CONFIGURATION}-output-files.xcfilelist",
			);
			runOnlyForDeploymentPostprocessing = 0;
			shellPath = /bin/sh;
			shellScript = "\"${PODS_ROOT}/Target Support Files/Pods-MyApp-MyAppUITests/Pods-MyApp-MyAppUITests-resources.sh\"\n";
			showEnvVarsInLog = 0;
		};
		BB610116F95E2F7F7D6B9E46 /* [CP] Check Pods Manifest.lock */ = {
			isa = PBXShellScriptBuildPhase;
			buildActionMask = 2147483647;
			files = (
			);
			inputFileListPaths = (
			);
			inputPaths = (
				"${PODS_PODFILE_DIR_PATH}/Podfile.lock",
				"${PODS_ROOT}/Manifest.lock",
			);
			name = "[CP] Check Pods Manifest.lock";
			outputFileListPaths = (
			);
			outputPaths = (
				"$(DERIVED_FILE_DIR)/Pods-MyAppTests-checkManifestLockResult.txt",
			);
			runOnlyForDeploymentPostprocessing = 0;
			shellPath = /bin/sh;
			shellScript = "diff \"${PODS_PODFILE_DIR_PATH}/Podfile.lock\" \"${PODS_ROOT}/Manifest.lock\" > /dev/null\nif [ $? != 0 ] ; then\n    # print error to STDERR\n    echo \"error: The sandbox is not in sync with the Podfile.lock. Run 'pod install' or update your CocoaPods installation.\" >&2\n    exit 1\nfi\n# This output is used by Xcode 'outputs' to avoid re-running this script phase.\necho \"SUCCESS\" > \"${SCRIPT_OUTPUT_FILE_0}\"\n";
			showEnvVarsInLog = 0;
		};
		D18B5725C81AB2FBEE40ED56 /* [CP] Embed Pods Frameworks */ = {
			isa = PBXShellScriptBuildPhase;
			buildActionMask = 2147483647;
			files = (
			);
			inputFileListPaths = (
				"${PODS_ROOT}/Target Support Files/Pods-MyApp/Pods-MyApp-frameworks-${CONFIGURATION}-input-files.xcfilelist",
			);
			name = "[CP] Embed Pods Frameworks";
			outputFileListPaths = (
				"${PODS_ROOT}/Target Support Files/Pods-MyApp/Pods-MyApp-frameworks-${CONFIGURATION}-output-files.xcfilelist",
			);
			runOnlyForDeploymentPostprocessing = 0;
			shellPath = /bin/sh;
			shellScript = "\"${PODS_ROOT}/Target Support Files/Pods-MyApp/Pods-MyApp-frameworks.sh\"\n";
			showEnvVarsInLog = 0;
		};
		DAD788D44EB301D9EC94CE3B /* [CP] Check Pods Manifest.lock */ = {
			isa = PBXShellScriptBuildPhase;
			buildActionMask = 2147483647;
			files = (
			);
			inputFileListPaths = (
			);
			inputPaths = (
				"${PODS_PODFILE_DIR_PATH}/Podfile.lock",
				"${PODS_ROOT}/Manifest.lock",
			);
			name = "[CP] Check Pods Manifest.lock";
			outputFileListPaths = (
			);
			outputPaths = (
				"$(DERIVED_FILE_DIR)/Pods-MyApp-checkManifestLockResult.txt",
			);
			runOnlyForDeploymentPostprocessing = 0;
			shellPath = /bin/sh;
			shellScript = "diff \"${PODS_PODFILE_DIR_PATH}/Podfile.lock\" \"${PODS_ROOT}/Manifest.lock\" > /dev/null\nif [ $? != 0 ] ; then\n    # print error to STDERR\n    echo \"error: The sandbox is not in sync with the Podfile.lock. Run 'pod install' or update your CocoaPods installation.\" >&2\n    exit 1\nfi\n# This output is used by Xcode 'outputs' to avoid re-running this script phase.\necho \"SUCCESS\" > \"${SCRIPT_OUTPUT_FILE_0}\"\n";
			showEnvVarsInLog = 0;
		};
/* End PBXShellScriptBuildPhase section */

/* Begin PBXSourcesBuildPhase section */
		84511BC9245177C000A63A56 /* Sources */ = {
			isa = PBXSourcesBuildPhase;
			buildActionMask = 2147483647;
			files = (
				84511C252451781D00A63A56 /* SecondViewController.swift in Sources */,
				8419E6CA2452A4B50083A471 /* Constants.swift in Sources */,
				8419E6C52452A0C50083A471 /* MyAUserProfile.swift in Sources */,
				84511C1F2451781D00A63A56 /* BaseTableViewController.swift in Sources */,
				84511C262451781D00A63A56 /* MyARegisterViewController.swift in Sources */,
				84511C2B2451781D00A63A56 /* SecondTableViewCell.swift in Sources */,
				84511C302451788200A63A56 /* BaseViewController.swift in Sources */,
				840F236A2456E96300C0CB5D /* UsersModel.xcdatamodeld in Sources */,
				84511C1D2451781D00A63A56 /* Preferences.swift in Sources */,
				84511C2D2451781D00A63A56 /* FirtCollectionViewCell.swift in Sources */,
				8419E6C72452A3AB0083A471 /* MyABaseService.swift in Sources */,
				84511C1C2451781D00A63A56 /* UtilityFunction.swift in Sources */,
				84511C232451781D00A63A56 /* MyAForgotPasswordViewController.swift in Sources */,
				84511C272451781D00A63A56 /* AppDelegate.swift in Sources */,
				840F235C245673AF00C0CB5D /* CustomSlideViewController.swift in Sources */,
				84511C1E2451781D00A63A56 /* BaseCollectionViewController.swift in Sources */,
				84511C222451781D00A63A56 /* ViewController.swift in Sources */,
				84511C242451781D00A63A56 /* MyALoginViewController.swift in Sources */,
				84511C202451781D00A63A56 /* BaseTableViewViewController.swift in Sources */,
				840F235E2456767B00C0CB5D /* LeftViewController.swift in Sources */,
			);
			runOnlyForDeploymentPostprocessing = 0;
		};
		84511BDD245177C300A63A56 /* Sources */ = {
			isa = PBXSourcesBuildPhase;
			buildActionMask = 2147483647;
			files = (
				84511BE6245177C300A63A56 /* MyAppTests.swift in Sources */,
			);
			runOnlyForDeploymentPostprocessing = 0;
		};
		84511BE8245177C300A63A56 /* Sources */ = {
			isa = PBXSourcesBuildPhase;
			buildActionMask = 2147483647;
			files = (
				84511BF1245177C300A63A56 /* MyAppUITests.swift in Sources */,
			);
			runOnlyForDeploymentPostprocessing = 0;
		};
/* End PBXSourcesBuildPhase section */

/* Begin PBXTargetDependency section */
		84511BE3245177C300A63A56 /* PBXTargetDependency */ = {
			isa = PBXTargetDependency;
			target = 84511BCC245177C000A63A56 /* MyApp */;
			targetProxy = 84511BE2245177C300A63A56 /* PBXContainerItemProxy */;
		};
		84511BEE245177C300A63A56 /* PBXTargetDependency */ = {
			isa = PBXTargetDependency;
			target = 84511BCC245177C000A63A56 /* MyApp */;
			targetProxy = 84511BED245177C300A63A56 /* PBXContainerItemProxy */;
		};
/* End PBXTargetDependency section */

/* Begin PBXVariantGroup section */
		84511BD9245177C300A63A56 /* LaunchScreen.storyboard */ = {
			isa = PBXVariantGroup;
			children = (
				84511BDA245177C300A63A56 /* Base */,
			);
			name = LaunchScreen.storyboard;
			sourceTree = "<group>";
		};
		84511C112451781D00A63A56 /* Main.storyboard */ = {
			isa = PBXVariantGroup;
			children = (
				84511C122451781D00A63A56 /* Base */,
			);
			name = Main.storyboard;
			sourceTree = "<group>";
		};
/* End PBXVariantGroup section */

/* Begin XCBuildConfiguration section */
		84511BF3245177C300A63A56 /* Debug */ = {
			isa = XCBuildConfiguration;
			buildSettings = {
				ALWAYS_SEARCH_USER_PATHS = NO;
				CLANG_ANALYZER_NONNULL = YES;
				CLANG_ANALYZER_NUMBER_OBJECT_CONVERSION = YES_AGGRESSIVE;
				CLANG_CXX_LANGUAGE_STANDARD = "gnu++14";
				CLANG_CXX_LIBRARY = "libc++";
				CLANG_ENABLE_MODULES = YES;
				CLANG_ENABLE_OBJC_ARC = YES;
				CLANG_ENABLE_OBJC_WEAK = YES;
				CLANG_WARN_BLOCK_CAPTURE_AUTORELEASING = YES;
				CLANG_WARN_BOOL_CONVERSION = YES;
				CLANG_WARN_COMMA = YES;
				CLANG_WARN_CONSTANT_CONVERSION = YES;
				CLANG_WARN_DEPRECATED_OBJC_IMPLEMENTATIONS = YES;
				CLANG_WARN_DIRECT_OBJC_ISA_USAGE = YES_ERROR;
				CLANG_WARN_DOCUMENTATION_COMMENTS = YES;
				CLANG_WARN_EMPTY_BODY = YES;
				CLANG_WARN_ENUM_CONVERSION = YES;
				CLANG_WARN_INFINITE_RECURSION = YES;
				CLANG_WARN_INT_CONVERSION = YES;
				CLANG_WARN_NON_LITERAL_NULL_CONVERSION = YES;
				CLANG_WARN_OBJC_IMPLICIT_RETAIN_SELF = YES;
				CLANG_WARN_OBJC_LITERAL_CONVERSION = YES;
				CLANG_WARN_OBJC_ROOT_CLASS = YES_ERROR;
				CLANG_WARN_RANGE_LOOP_ANALYSIS = YES;
				CLANG_WARN_STRICT_PROTOTYPES = YES;
				CLANG_WARN_SUSPICIOUS_MOVE = YES;
				CLANG_WARN_UNGUARDED_AVAILABILITY = YES_AGGRESSIVE;
				CLANG_WARN_UNREACHABLE_CODE = YES;
				CLANG_WARN__DUPLICATE_METHOD_MATCH = YES;
				CODE_SIGN_IDENTITY = "iPhone Developer";
				COPY_PHASE_STRIP = NO;
				DEBUG_INFORMATION_FORMAT = dwarf;
				ENABLE_STRICT_OBJC_MSGSEND = YES;
				ENABLE_TESTABILITY = YES;
				GCC_C_LANGUAGE_STANDARD = gnu11;
				GCC_DYNAMIC_NO_PIC = NO;
				GCC_NO_COMMON_BLOCKS = YES;
				GCC_OPTIMIZATION_LEVEL = 0;
				GCC_PREPROCESSOR_DEFINITIONS = (
					"DEBUG=1",
					"$(inherited)",
				);
				GCC_WARN_64_TO_32_BIT_CONVERSION = YES;
				GCC_WARN_ABOUT_RETURN_TYPE = YES_ERROR;
				GCC_WARN_UNDECLARED_SELECTOR = YES;
				GCC_WARN_UNINITIALIZED_AUTOS = YES_AGGRESSIVE;
				GCC_WARN_UNUSED_FUNCTION = YES;
				GCC_WARN_UNUSED_VARIABLE = YES;
				IPHONEOS_DEPLOYMENT_TARGET = 12.4;
				MTL_ENABLE_DEBUG_INFO = INCLUDE_SOURCE;
				MTL_FAST_MATH = YES;
				ONLY_ACTIVE_ARCH = YES;
				SDKROOT = iphoneos;
				SWIFT_ACTIVE_COMPILATION_CONDITIONS = DEBUG;
				SWIFT_OPTIMIZATION_LEVEL = "-Onone";
			};
			name = Debug;
		};
		84511BF4245177C300A63A56 /* Release */ = {
			isa = XCBuildConfiguration;
			buildSettings = {
				ALWAYS_SEARCH_USER_PATHS = NO;
				CLANG_ANALYZER_NONNULL = YES;
				CLANG_ANALYZER_NUMBER_OBJECT_CONVERSION = YES_AGGRESSIVE;
				CLANG_CXX_LANGUAGE_STANDARD = "gnu++14";
				CLANG_CXX_LIBRARY = "libc++";
				CLANG_ENABLE_MODULES = YES;
				CLANG_ENABLE_OBJC_ARC = YES;
				CLANG_ENABLE_OBJC_WEAK = YES;
				CLANG_WARN_BLOCK_CAPTURE_AUTORELEASING = YES;
				CLANG_WARN_BOOL_CONVERSION = YES;
				CLANG_WARN_COMMA = YES;
				CLANG_WARN_CONSTANT_CONVERSION = YES;
				CLANG_WARN_DEPRECATED_OBJC_IMPLEMENTATIONS = YES;
				CLANG_WARN_DIRECT_OBJC_ISA_USAGE = YES_ERROR;
				CLANG_WARN_DOCUMENTATION_COMMENTS = YES;
				CLANG_WARN_EMPTY_BODY = YES;
				CLANG_WARN_ENUM_CONVERSION = YES;
				CLANG_WARN_INFINITE_RECURSION = YES;
				CLANG_WARN_INT_CONVERSION = YES;
				CLANG_WARN_NON_LITERAL_NULL_CONVERSION = YES;
				CLANG_WARN_OBJC_IMPLICIT_RETAIN_SELF = YES;
				CLANG_WARN_OBJC_LITERAL_CONVERSION = YES;
				CLANG_WARN_OBJC_ROOT_CLASS = YES_ERROR;
				CLANG_WARN_RANGE_LOOP_ANALYSIS = YES;
				CLANG_WARN_STRICT_PROTOTYPES = YES;
				CLANG_WARN_SUSPICIOUS_MOVE = YES;
				CLANG_WARN_UNGUARDED_AVAILABILITY = YES_AGGRESSIVE;
				CLANG_WARN_UNREACHABLE_CODE = YES;
				CLANG_WARN__DUPLICATE_METHOD_MATCH = YES;
				CODE_SIGN_IDENTITY = "iPhone Developer";
				COPY_PHASE_STRIP = NO;
				DEBUG_INFORMATION_FORMAT = "dwarf-with-dsym";
				ENABLE_NS_ASSERTIONS = NO;
				ENABLE_STRICT_OBJC_MSGSEND = YES;
				GCC_C_LANGUAGE_STANDARD = gnu11;
				GCC_NO_COMMON_BLOCKS = YES;
				GCC_WARN_64_TO_32_BIT_CONVERSION = YES;
				GCC_WARN_ABOUT_RETURN_TYPE = YES_ERROR;
				GCC_WARN_UNDECLARED_SELECTOR = YES;
				GCC_WARN_UNINITIALIZED_AUTOS = YES_AGGRESSIVE;
				GCC_WARN_UNUSED_FUNCTION = YES;
				GCC_WARN_UNUSED_VARIABLE = YES;
				IPHONEOS_DEPLOYMENT_TARGET = 12.4;
				MTL_ENABLE_DEBUG_INFO = NO;
				MTL_FAST_MATH = YES;
				SDKROOT = iphoneos;
				SWIFT_COMPILATION_MODE = wholemodule;
				SWIFT_OPTIMIZATION_LEVEL = "-O";
				VALIDATE_PRODUCT = YES;
			};
			name = Release;
		};
		84511BF6245177C300A63A56 /* Debug */ = {
			isa = XCBuildConfiguration;
			baseConfigurationReference = 7D6C12956440BB927EF90150 /* Pods-MyApp.debug.xcconfig */;
			buildSettings = {
				ASSETCATALOG_COMPILER_APPICON_NAME = AppIcon;
				CODE_SIGN_STYLE = Automatic;
				DEVELOPMENT_TEAM = 3SGGLB586A;
				INFOPLIST_FILE = MyApp/Info.plist;
				LD_RUNPATH_SEARCH_PATHS = (
					"$(inherited)",
					"@executable_path/Frameworks",
				);
				PRODUCT_BUNDLE_IDENTIFIER = com.MyApp.hunghoang.MyApp;
				PRODUCT_NAME = "$(TARGET_NAME)";
				SWIFT_VERSION = 5.0;
				TARGETED_DEVICE_FAMILY = "1,2";
			};
			name = Debug;
		};
		84511BF7245177C300A63A56 /* Release */ = {
			isa = XCBuildConfiguration;
			baseConfigurationReference = 5EAEFFCC0FDF773E1CC02448 /* Pods-MyApp.release.xcconfig */;
			buildSettings = {
				ASSETCATALOG_COMPILER_APPICON_NAME = AppIcon;
				CODE_SIGN_STYLE = Automatic;
				DEVELOPMENT_TEAM = 3SGGLB586A;
				INFOPLIST_FILE = MyApp/Info.plist;
				LD_RUNPATH_SEARCH_PATHS = (
					"$(inherited)",
					"@executable_path/Frameworks",
				);
				PRODUCT_BUNDLE_IDENTIFIER = com.MyApp.hunghoang.MyApp;
				PRODUCT_NAME = "$(TARGET_NAME)";
				SWIFT_VERSION = 5.0;
				TARGETED_DEVICE_FAMILY = "1,2";
			};
			name = Release;
		};
		84511BF9245177C300A63A56 /* Debug */ = {
			isa = XCBuildConfiguration;
			baseConfigurationReference = F2DC8D24662519CEF1413708 /* Pods-MyAppTests.debug.xcconfig */;
			buildSettings = {
				ALWAYS_EMBED_SWIFT_STANDARD_LIBRARIES = YES;
				BUNDLE_LOADER = "$(TEST_HOST)";
				CODE_SIGN_STYLE = Automatic;
				DEVELOPMENT_TEAM = 3SGGLB586A;
				INFOPLIST_FILE = MyAppTests/Info.plist;
				LD_RUNPATH_SEARCH_PATHS = (
					"$(inherited)",
					"@executable_path/Frameworks",
					"@loader_path/Frameworks",
				);
				PRODUCT_BUNDLE_IDENTIFIER = com.MyApp.hunghoang.MyAppTests;
				PRODUCT_NAME = "$(TARGET_NAME)";
				SWIFT_VERSION = 5.0;
				TARGETED_DEVICE_FAMILY = "1,2";
				TEST_HOST = "$(BUILT_PRODUCTS_DIR)/MyApp.app/MyApp";
			};
			name = Debug;
		};
		84511BFA245177C300A63A56 /* Release */ = {
			isa = XCBuildConfiguration;
			baseConfigurationReference = 9748E7CC58BA5B0076DF8A86 /* Pods-MyAppTests.release.xcconfig */;
			buildSettings = {
				ALWAYS_EMBED_SWIFT_STANDARD_LIBRARIES = YES;
				BUNDLE_LOADER = "$(TEST_HOST)";
				CODE_SIGN_STYLE = Automatic;
				DEVELOPMENT_TEAM = 3SGGLB586A;
				INFOPLIST_FILE = MyAppTests/Info.plist;
				LD_RUNPATH_SEARCH_PATHS = (
					"$(inherited)",
					"@executable_path/Frameworks",
					"@loader_path/Frameworks",
				);
				PRODUCT_BUNDLE_IDENTIFIER = com.MyApp.hunghoang.MyAppTests;
				PRODUCT_NAME = "$(TARGET_NAME)";
				SWIFT_VERSION = 5.0;
				TARGETED_DEVICE_FAMILY = "1,2";
				TEST_HOST = "$(BUILT_PRODUCTS_DIR)/MyApp.app/MyApp";
			};
			name = Release;
		};
		84511BFC245177C300A63A56 /* Debug */ = {
			isa = XCBuildConfiguration;
			baseConfigurationReference = CFB52BBA1291098481FC241A /* Pods-MyApp-MyAppUITests.debug.xcconfig */;
			buildSettings = {
				ALWAYS_EMBED_SWIFT_STANDARD_LIBRARIES = YES;
				CODE_SIGN_STYLE = Automatic;
				DEVELOPMENT_TEAM = 3SGGLB586A;
				INFOPLIST_FILE = MyAppUITests/Info.plist;
				LD_RUNPATH_SEARCH_PATHS = (
					"$(inherited)",
					"@executable_path/Frameworks",
					"@loader_path/Frameworks",
				);
				PRODUCT_BUNDLE_IDENTIFIER = com.MyApp.hunghoang.MyAppUITests;
				PRODUCT_NAME = "$(TARGET_NAME)";
				SWIFT_VERSION = 5.0;
				TARGETED_DEVICE_FAMILY = "1,2";
				TEST_TARGET_NAME = MyApp;
			};
			name = Debug;
		};
		84511BFD245177C300A63A56 /* Release */ = {
			isa = XCBuildConfiguration;
			baseConfigurationReference = F49D0F739D76D7E330E06D59 /* Pods-MyApp-MyAppUITests.release.xcconfig */;
			buildSettings = {
				ALWAYS_EMBED_SWIFT_STANDARD_LIBRARIES = YES;
				CODE_SIGN_STYLE = Automatic;
				DEVELOPMENT_TEAM = 3SGGLB586A;
				INFOPLIST_FILE = MyAppUITests/Info.plist;
				LD_RUNPATH_SEARCH_PATHS = (
					"$(inherited)",
					"@executable_path/Frameworks",
					"@loader_path/Frameworks",
				);
				PRODUCT_BUNDLE_IDENTIFIER = com.MyApp.hunghoang.MyAppUITests;
				PRODUCT_NAME = "$(TARGET_NAME)";
				SWIFT_VERSION = 5.0;
				TARGETED_DEVICE_FAMILY = "1,2";
				TEST_TARGET_NAME = MyApp;
			};
			name = Release;
		};
/* End XCBuildConfiguration section */

/* Begin XCConfigurationList section */
		84511BC8245177C000A63A56 /* Build configuration list for PBXProject "MyApp" */ = {
			isa = XCConfigurationList;
			buildConfigurations = (
				84511BF3245177C300A63A56 /* Debug */,
				84511BF4245177C300A63A56 /* Release */,
			);
			defaultConfigurationIsVisible = 0;
			defaultConfigurationName = Release;
		};
		84511BF5245177C300A63A56 /* Build configuration list for PBXNativeTarget "MyApp" */ = {
			isa = XCConfigurationList;
			buildConfigurations = (
				84511BF6245177C300A63A56 /* Debug */,
				84511BF7245177C300A63A56 /* Release */,
			);
			defaultConfigurationIsVisible = 0;
			defaultConfigurationName = Release;
		};
		84511BF8245177C300A63A56 /* Build configuration list for PBXNativeTarget "MyAppTests" */ = {
			isa = XCConfigurationList;
			buildConfigurations = (
				84511BF9245177C300A63A56 /* Debug */,
				84511BFA245177C300A63A56 /* Release */,
			);
			defaultConfigurationIsVisible = 0;
			defaultConfigurationName = Release;
		};
		84511BFB245177C300A63A56 /* Build configuration list for PBXNativeTarget "MyAppUITests" */ = {
			isa = XCConfigurationList;
			buildConfigurations = (
				84511BFC245177C300A63A56 /* Debug */,
				84511BFD245177C300A63A56 /* Release */,
			);
			defaultConfigurationIsVisible = 0;
			defaultConfigurationName = Release;
		};
/* End XCConfigurationList section */

/* Begin XCRemoteSwiftPackageReference section */
		8419E6D12452CB6E0083A471 /* XCRemoteSwiftPackageReference "facebook-ios-sdk" */ = {
			isa = XCRemoteSwiftPackageReference;
			repositoryURL = "https://github.com/facebook/facebook-ios-sdk";
			requirement = {
				kind = upToNextMajorVersion;
				minimumVersion = 6.5.1;
			};
		};
/* End XCRemoteSwiftPackageReference section */

/* Begin XCSwiftPackageProductDependency section */
		8419E6D22452CB6E0083A471 /* FacebookCore */ = {
			isa = XCSwiftPackageProductDependency;
			package = 8419E6D12452CB6E0083A471 /* XCRemoteSwiftPackageReference "facebook-ios-sdk" */;
			productName = FacebookCore;
		};
		8419E6D42452CB6E0083A471 /* FacebookLogin */ = {
			isa = XCSwiftPackageProductDependency;
			package = 8419E6D12452CB6E0083A471 /* XCRemoteSwiftPackageReference "facebook-ios-sdk" */;
			productName = FacebookLogin;
		};
		8419E6D62452CB6E0083A471 /* FacebookShare */ = {
			isa = XCSwiftPackageProductDependency;
			package = 8419E6D12452CB6E0083A471 /* XCRemoteSwiftPackageReference "facebook-ios-sdk" */;
			productName = FacebookShare;
		};
/* End XCSwiftPackageProductDependency section */

/* Begin XCVersionGroup section */
		840F23682456E96300C0CB5D /* UsersModel.xcdatamodeld */ = {
			isa = XCVersionGroup;
			children = (
				840F23692456E96300C0CB5D /* Model.xcdatamodel */,
			);
			currentVersion = 840F23692456E96300C0CB5D /* Model.xcdatamodel */;
			path = UsersModel.xcdatamodeld;
			sourceTree = "<group>";
			versionGroupType = wrapper.xcdatamodel;
		};
/* End XCVersionGroup section */
	};
	rootObject = 84511BC5245177C000A63A56 /* Project object */;
}
